
Microsoft Visual Studio Solution File, Format Version 12.00
# Visual Studio Version 17
VisualStudioVersion = 17.8.34511.84
MinimumVisualStudioVersion = 10.0.40219.1
Project("{FAE04EC0-301F-11D3-BF4B-00C04F79EFBC}") = "Zamin.Utilities.SoftwareParts.Registration", "Zamin.Utilities.SoftwareParts.Registration\Zamin.Utilities.SoftwareParts.Registration.csproj", "{FE1D33E3-E169-4A31-8E8A-828ED72DEBEF}"
EndProject
Global
	GlobalSection(SolutionConfigurationPlatforms) = preSolution
		Debug|Any CPU = Debug|Any CPU
		Release|Any CPU = Release|Any CPU
	EndGlobalSection
	GlobalSection(ProjectConfigurationPlatforms) = postSolution
		{FE1D33E3-E169-4A31-8E8A-828ED72DEBEF}.Debug|Any CPU.ActiveCfg = Debug|Any CPU
		{FE1D33E3-E169-4A31-8E8A-828ED72DEBEF}.Debug|Any CPU.Build.0 = Debug|Any CPU
		{FE1D33E3-E169-4A31-8E8A-828ED72DEBEF}.Release|Any CPU.ActiveCfg = Release|Any CPU
		{FE1D33E3-E169-4A31-8E8A-828ED72DEBEF}.Release|Any CPU.Build.0 = Release|Any CPU
	EndGlobalSection
	GlobalSection(SolutionProperties) = preSolution
		HideSolutionNode = FALSE
	EndGlobalSection
	GlobalSection(ExtensibilityGlobals) = postSolution
		SolutionGuid = {5A458CC0-C191-4653-B941-20FCDE453DCA}
	EndGlobalSection
EndGlobal
