
Microsoft Visual Studio Solution File, Format Version 12.00
# Visual Studio Version 17
VisualStudioVersion = 17.8.34511.84
MinimumVisualStudioVersion = 10.0.40219.1
Project("{9A19103F-16F7-4668-BE54-9A1E7A4F7556}") = "Zamin.Utilities.SoftwareParts.Authorization", "Zamin.Utilities.SoftwareParts.Authorization\Zamin.Utilities.SoftwareParts.Authorization.csproj", "{21022A37-1A37-4D2D-8044-7F3E867DF749}"
EndProject
Project("{9A19103F-16F7-4668-BE54-9A1E7A4F7556}") = "Zamin.Utilities.SoftwareParts.Authorization.WebApiSample", "WebApiSample\Zamin.Utilities.SoftwareParts.Authorization.WebApiSample.csproj", "{A8C8F749-C41F-4D9A-A829-9E4181911D00}"
EndProject
Project("{9A19103F-16F7-4668-BE54-9A1E7A4F7556}") = "Zamin.Utilities.SoftwareParts.Authorization.WebBlazorSample", "WebBlazorSample\Zamin.Utilities.SoftwareParts.Authorization.WebBlazorSample.csproj", "{8901981B-BC6F-434A-9B9D-36E43C77F1D9}"
EndProject
Global
	GlobalSection(SolutionConfigurationPlatforms) = preSolution
		Debug|Any CPU = Debug|Any CPU
		Release|Any CPU = Release|Any CPU
	EndGlobalSection
	GlobalSection(ProjectConfigurationPlatforms) = postSolution
		{21022A37-1A37-4D2D-8044-7F3E867DF749}.Debug|Any CPU.ActiveCfg = Debug|Any CPU
		{21022A37-1A37-4D2D-8044-7F3E867DF749}.Debug|Any CPU.Build.0 = Debug|Any CPU
		{21022A37-1A37-4D2D-8044-7F3E867DF749}.Release|Any CPU.ActiveCfg = Release|Any CPU
		{21022A37-1A37-4D2D-8044-7F3E867DF749}.Release|Any CPU.Build.0 = Release|Any CPU
		{A8C8F749-C41F-4D9A-A829-9E4181911D00}.Debug|Any CPU.ActiveCfg = Debug|Any CPU
		{A8C8F749-C41F-4D9A-A829-9E4181911D00}.Debug|Any CPU.Build.0 = Debug|Any CPU
		{A8C8F749-C41F-4D9A-A829-9E4181911D00}.Release|Any CPU.ActiveCfg = Release|Any CPU
		{A8C8F749-C41F-4D9A-A829-9E4181911D00}.Release|Any CPU.Build.0 = Release|Any CPU
		{8901981B-BC6F-434A-9B9D-36E43C77F1D9}.Debug|Any CPU.ActiveCfg = Debug|Any CPU
		{8901981B-BC6F-434A-9B9D-36E43C77F1D9}.Debug|Any CPU.Build.0 = Debug|Any CPU
		{8901981B-BC6F-434A-9B9D-36E43C77F1D9}.Release|Any CPU.ActiveCfg = Release|Any CPU
		{8901981B-BC6F-434A-9B9D-36E43C77F1D9}.Release|Any CPU.Build.0 = Release|Any CPU
	EndGlobalSection
	GlobalSection(SolutionProperties) = preSolution
		HideSolutionNode = FALSE
	EndGlobalSection
	GlobalSection(ExtensibilityGlobals) = postSolution
		SolutionGuid = {3331BF91-4DDD-4ED8-A781-8A4E11287695}
	EndGlobalSection
EndGlobal
